
Microsoft Visual Studio Solution File, Format Version 12.00
# Visual Studio Version 17
VisualStudioVersion = 17.9.34723.18
MinimumVisualStudioVersion = 10.0.40219.1
Project("{FAE04EC0-301F-11D3-BF4B-00C04F79EFBC}") = "PG3_Obdelnik", "PG3_Obdelnik\PG3_Obdelnik.csproj", "{2E896D62-D5DF-41B6-8687-C572109816C6}"
EndProject
Global
	GlobalSection(SolutionConfigurationPlatforms) = preSolution
		Debug|Any CPU = Debug|Any CPU
		Release|Any CPU = Release|Any CPU
	EndGlobalSection
	GlobalSection(ProjectConfigurationPlatforms) = postSolution
		{2E896D62-D5DF-41B6-8687-C572109816C6}.Debug|Any CPU.ActiveCfg = Debug|Any CPU
		{2E896D62-D5DF-41B6-8687-C572109816C6}.Debug|Any CPU.Build.0 = Debug|Any CPU
		{2E896D62-D5DF-41B6-8687-C572109816C6}.Release|Any CPU.ActiveCfg = Release|Any CPU
		{2E896D62-D5DF-41B6-8687-C572109816C6}.Release|Any CPU.Build.0 = Release|Any CPU
	EndGlobalSection
	GlobalSection(SolutionProperties) = preSolution
		HideSolutionNode = FALSE
	EndGlobalSection
	GlobalSection(ExtensibilityGlobals) = postSolution
		SolutionGuid = {1629ED9C-E836-4955-A9D2-1611796AE7C9}
	EndGlobalSection
EndGlobal
